
Microsoft Visual Studio Solution File, Format Version 11.0
# Visual Studio 2010
Project("{FAE04EC0-301F-11D3-BF4B-00C04F79EFBC}") = "UnityVS.SalaryCalc_Unity2.CSharp", "UnityVS.SalaryCalc_Unity2.CSharp.csproj", "{D1765024-4DED-9D0F-899C-E1F3FFFB62B2}"
EndProject
Project("{FAE04EC0-301F-11D3-BF4B-00C04F79EFBC}") = "UnityVS.SalaryCalc_Unity2.CSharp.Editor", "UnityVS.SalaryCalc_Unity2.CSharp.Editor.csproj", "{A1785A12-E765-4BA1-0062-F10E11766062}"
EndProject
Global
	GlobalSection(SolutionConfigurationPlatforms) = preSolution
		Debug|Any CPU = Debug|Any CPU
		Release|Any CPU = Release|Any CPU
	EndGlobalSection
	GlobalSection(ProjectConfigurationPlatforms) = postSolution
		{D1765024-4DED-9D0F-899C-E1F3FFFB62B2}.Debug|Any CPU.ActiveCfg = Debug|Any CPU
		{D1765024-4DED-9D0F-899C-E1F3FFFB62B2}.Debug|Any CPU.Build.0 = Debug|Any CPU
		{D1765024-4DED-9D0F-899C-E1F3FFFB62B2}.Release|Any CPU.ActiveCfg = Release|Any CPU
		{D1765024-4DED-9D0F-899C-E1F3FFFB62B2}.Release|Any CPU.Build.0 = Release|Any CPU
		{A1785A12-E765-4BA1-0062-F10E11766062}.Debug|Any CPU.ActiveCfg = Debug|Any CPU
		{A1785A12-E765-4BA1-0062-F10E11766062}.Debug|Any CPU.Build.0 = Debug|Any CPU
		{A1785A12-E765-4BA1-0062-F10E11766062}.Release|Any CPU.ActiveCfg = Release|Any CPU
		{A1785A12-E765-4BA1-0062-F10E11766062}.Release|Any CPU.Build.0 = Release|Any CPU
	EndGlobalSection
	GlobalSection(SolutionProperties) = preSolution
		HideSolutionNode = FALSE
	EndGlobalSection
EndGlobal
